
Microsoft Visual Studio Solution File, Format Version 12.00
# Visual Studio Version 17
VisualStudioVersion = 17.3.32819.101
MinimumVisualStudioVersion = 10.0.40219.1
Project("{FAE04EC0-301F-11D3-BF4B-00C04F79EFBC}") = "Ecommerce_Wedsite", "Ecommerce_Wedsite.csproj", "{B758919A-F8A0-4E9F-8BD6-34CC4A68AF2A}"
EndProject
Global
	GlobalSection(SolutionConfigurationPlatforms) = preSolution
		Debug|Any CPU = Debug|Any CPU
		Release|Any CPU = Release|Any CPU
	EndGlobalSection
	GlobalSection(ProjectConfigurationPlatforms) = postSolution
		{B758919A-F8A0-4E9F-8BD6-34CC4A68AF2A}.Debug|Any CPU.ActiveCfg = Debug|Any CPU
		{B758919A-F8A0-4E9F-8BD6-34CC4A68AF2A}.Debug|Any CPU.Build.0 = Debug|Any CPU
		{B758919A-F8A0-4E9F-8BD6-34CC4A68AF2A}.Release|Any CPU.ActiveCfg = Release|Any CPU
		{B758919A-F8A0-4E9F-8BD6-34CC4A68AF2A}.Release|Any CPU.Build.0 = Release|Any CPU
	EndGlobalSection
	GlobalSection(SolutionProperties) = preSolution
		HideSolutionNode = FALSE
	EndGlobalSection
	GlobalSection(ExtensibilityGlobals) = postSolution
		SolutionGuid = {21DC208F-92C2-4AA0-9769-AC131FE0E2E0}
	EndGlobalSection
EndGlobal
